
Microsoft Visual Studio Solution File, Format Version 12.00
# Visual Studio Version 16
VisualStudioVersion = 16.0.30114.105
MinimumVisualStudioVersion = 10.0.40219.1
Project("{2150E333-8FDC-42A3-9474-1A3956D46DE8}") = "Services", "Services", "{31F993F5-8F3F-404E-A2C4-435029546D6F}"
EndProject
Project("{2150E333-8FDC-42A3-9474-1A3956D46DE8}") = "Catalog", "Catalog", "{5D5836EF-6398-4E57-83B3-C8762E88EF1C}"
EndProject
Project("{2150E333-8FDC-42A3-9474-1A3956D46DE8}") = "Basket", "Basket", "{960794C5-3956-4C8E-B6A8-E25E068A7CBD}"
EndProject
Project("{FAE04EC0-301F-11D3-BF4B-00C04F79EFBC}") = "Basket.API", "Services\Basket\Basket.API\Basket.API.csproj", "{85B2249C-5B48-4262-B4EE-3B2912694C7A}"
EndProject
Project("{FAE04EC0-301F-11D3-BF4B-00C04F79EFBC}") = "Basket.Test", "Services\Basket\Basket.Test\Basket.Test.csproj", "{08D8B2AE-B6A3-49A0-A6DF-908BBD650579}"
EndProject
Project("{2150E333-8FDC-42A3-9474-1A3956D46DE8}") = "Discount", "Discount", "{E922FFC0-D44A-4F3B-B37F-17B47E42818A}"
EndProject
Project("{FAE04EC0-301F-11D3-BF4B-00C04F79EFBC}") = "Discount.API", "Services\Discount\Discount.API\Discount.API.csproj", "{8B804F03-0D43-4533-BE6B-A23FA152B2E4}"
EndProject
Project("{FAE04EC0-301F-11D3-BF4B-00C04F79EFBC}") = "Catalog.Core", "Services\Catalog\Catalog.Core\Catalog.Core.csproj", "{51A3C482-B8C8-40D2-97F1-773BFC660AF3}"
EndProject
Project("{2150E333-8FDC-42A3-9474-1A3956D46DE8}") = "Infrastructure", "Infrastructure", "{1407FE0E-13A5-4297-A9B9-7F66977C046D}"
EndProject
Project("{FAE04EC0-301F-11D3-BF4B-00C04F79EFBC}") = "Catalog.API", "Services\Catalog\Infrastructure\Catalog.API\Catalog.API.csproj", "{AB124BD8-CD32-4BD9-AFCB-5DDABFFB67B0}"
EndProject
Project("{FAE04EC0-301F-11D3-BF4B-00C04F79EFBC}") = "Catalog.MongoDb", "Services\Catalog\Infrastructure\Catalog.MongoDb\Catalog.MongoDb.csproj", "{759203AC-56F5-48E8-BA05-FFA700A7785F}"
EndProject
Global
	GlobalSection(SolutionConfigurationPlatforms) = preSolution
		Debug|Any CPU = Debug|Any CPU
		Release|Any CPU = Release|Any CPU
	EndGlobalSection
	GlobalSection(SolutionProperties) = preSolution
		HideSolutionNode = FALSE
	EndGlobalSection
	GlobalSection(NestedProjects) = preSolution
		{5D5836EF-6398-4E57-83B3-C8762E88EF1C} = {31F993F5-8F3F-404E-A2C4-435029546D6F}
		{960794C5-3956-4C8E-B6A8-E25E068A7CBD} = {31F993F5-8F3F-404E-A2C4-435029546D6F}
		{85B2249C-5B48-4262-B4EE-3B2912694C7A} = {960794C5-3956-4C8E-B6A8-E25E068A7CBD}
		{08D8B2AE-B6A3-49A0-A6DF-908BBD650579} = {960794C5-3956-4C8E-B6A8-E25E068A7CBD}
		{E922FFC0-D44A-4F3B-B37F-17B47E42818A} = {31F993F5-8F3F-404E-A2C4-435029546D6F}
		{8B804F03-0D43-4533-BE6B-A23FA152B2E4} = {E922FFC0-D44A-4F3B-B37F-17B47E42818A}
		{51A3C482-B8C8-40D2-97F1-773BFC660AF3} = {5D5836EF-6398-4E57-83B3-C8762E88EF1C}
		{1407FE0E-13A5-4297-A9B9-7F66977C046D} = {5D5836EF-6398-4E57-83B3-C8762E88EF1C}
		{AB124BD8-CD32-4BD9-AFCB-5DDABFFB67B0} = {1407FE0E-13A5-4297-A9B9-7F66977C046D}
		{759203AC-56F5-48E8-BA05-FFA700A7785F} = {1407FE0E-13A5-4297-A9B9-7F66977C046D}
	EndGlobalSection
	GlobalSection(ProjectConfigurationPlatforms) = postSolution
		{85B2249C-5B48-4262-B4EE-3B2912694C7A}.Debug|Any CPU.ActiveCfg = Debug|Any CPU
		{85B2249C-5B48-4262-B4EE-3B2912694C7A}.Debug|Any CPU.Build.0 = Debug|Any CPU
		{85B2249C-5B48-4262-B4EE-3B2912694C7A}.Release|Any CPU.ActiveCfg = Release|Any CPU
		{85B2249C-5B48-4262-B4EE-3B2912694C7A}.Release|Any CPU.Build.0 = Release|Any CPU
		{08D8B2AE-B6A3-49A0-A6DF-908BBD650579}.Debug|Any CPU.ActiveCfg = Debug|Any CPU
		{08D8B2AE-B6A3-49A0-A6DF-908BBD650579}.Debug|Any CPU.Build.0 = Debug|Any CPU
		{08D8B2AE-B6A3-49A0-A6DF-908BBD650579}.Release|Any CPU.ActiveCfg = Release|Any CPU
		{08D8B2AE-B6A3-49A0-A6DF-908BBD650579}.Release|Any CPU.Build.0 = Release|Any CPU
		{8B804F03-0D43-4533-BE6B-A23FA152B2E4}.Debug|Any CPU.ActiveCfg = Debug|Any CPU
		{8B804F03-0D43-4533-BE6B-A23FA152B2E4}.Debug|Any CPU.Build.0 = Debug|Any CPU
		{8B804F03-0D43-4533-BE6B-A23FA152B2E4}.Release|Any CPU.ActiveCfg = Release|Any CPU
		{8B804F03-0D43-4533-BE6B-A23FA152B2E4}.Release|Any CPU.Build.0 = Release|Any CPU
		{51A3C482-B8C8-40D2-97F1-773BFC660AF3}.Debug|Any CPU.ActiveCfg = Debug|Any CPU
		{51A3C482-B8C8-40D2-97F1-773BFC660AF3}.Debug|Any CPU.Build.0 = Debug|Any CPU
		{51A3C482-B8C8-40D2-97F1-773BFC660AF3}.Release|Any CPU.ActiveCfg = Release|Any CPU
		{51A3C482-B8C8-40D2-97F1-773BFC660AF3}.Release|Any CPU.Build.0 = Release|Any CPU
		{AB124BD8-CD32-4BD9-AFCB-5DDABFFB67B0}.Debug|Any CPU.ActiveCfg = Debug|Any CPU
		{AB124BD8-CD32-4BD9-AFCB-5DDABFFB67B0}.Debug|Any CPU.Build.0 = Debug|Any CPU
		{AB124BD8-CD32-4BD9-AFCB-5DDABFFB67B0}.Release|Any CPU.ActiveCfg = Release|Any CPU
		{AB124BD8-CD32-4BD9-AFCB-5DDABFFB67B0}.Release|Any CPU.Build.0 = Release|Any CPU
		{759203AC-56F5-48E8-BA05-FFA700A7785F}.Debug|Any CPU.ActiveCfg = Debug|Any CPU
		{759203AC-56F5-48E8-BA05-FFA700A7785F}.Debug|Any CPU.Build.0 = Debug|Any CPU
		{759203AC-56F5-48E8-BA05-FFA700A7785F}.Release|Any CPU.ActiveCfg = Release|Any CPU
		{759203AC-56F5-48E8-BA05-FFA700A7785F}.Release|Any CPU.Build.0 = Release|Any CPU
	EndGlobalSection
EndGlobal
